
Microsoft Visual Studio Solution File, Format Version 12.00
# Visual Studio Version 16
VisualStudioVersion = 25.0.1704.3
MinimumVisualStudioVersion = 10.0.40219.1
Project("{FAE04EC0-301F-11D3-BF4B-00C04F79EFBC}") = "ustrack-api", "ustrack-api.csproj", "{4C32EBE6-0AF3-4B44-AA40-A6200167A86D}"
EndProject
Global
	GlobalSection(SolutionConfigurationPlatforms) = preSolution
		Debug|Any CPU = Debug|Any CPU
		Release|Any CPU = Release|Any CPU
	EndGlobalSection
	GlobalSection(ProjectConfigurationPlatforms) = postSolution
		{4C32EBE6-0AF3-4B44-AA40-A6200167A86D}.Debug|Any CPU.ActiveCfg = Debug|Any CPU
		{4C32EBE6-0AF3-4B44-AA40-A6200167A86D}.Debug|Any CPU.Build.0 = Debug|Any CPU
		{4C32EBE6-0AF3-4B44-AA40-A6200167A86D}.Release|Any CPU.ActiveCfg = Release|Any CPU
		{4C32EBE6-0AF3-4B44-AA40-A6200167A86D}.Release|Any CPU.Build.0 = Release|Any CPU
	EndGlobalSection
	GlobalSection(SolutionProperties) = preSolution
		HideSolutionNode = FALSE
	EndGlobalSection
	GlobalSection(ExtensibilityGlobals) = postSolution
		SolutionGuid = {EF4AF05F-1808-45BD-B377-83CF74C5E14C}
	EndGlobalSection
EndGlobal
